PODS:
  - Capacitor (8.3.0):
    - CapacitorCordova
  - CapacitorApp (8.1.0):
    - Capacitor
  - CapacitorCordova (8.3.0)
  - CapacitorPushNotifications (8.0.3):
    - Capacitor
  - CapacitorSplashScreen (8.0.1):
    - Capacitor
  - CapacitorStatusBar (8.0.2):
    - Capacitor

DEPENDENCIES:
  - "Capacitor (from `../../node_modules/@capacitor/ios`)"
  - "CapacitorApp (from `../../node_modules/@capacitor/app`)"
  - "CapacitorCordova (from `../../node_modules/@capacitor/ios`)"
  - "CapacitorPushNotifications (from `../../node_modules/@capacitor/push-notifications`)"
  - "CapacitorSplashScreen (from `../../node_modules/@capacitor/splash-screen`)"
  - "CapacitorStatusBar (from `../../node_modules/@capacitor/status-bar`)"

EXTERNAL SOURCES:
  Capacitor:
    :path: "../../node_modules/@capacitor/ios"
  CapacitorApp:
    :path: "../../node_modules/@capacitor/app"
  CapacitorCordova:
    :path: "../../node_modules/@capacitor/ios"
  CapacitorPushNotifications:
    :path: "../../node_modules/@capacitor/push-notifications"
  CapacitorSplashScreen:
    :path: "../../node_modules/@capacitor/splash-screen"
  CapacitorStatusBar:
    :path: "../../node_modules/@capacitor/status-bar"

SPEC CHECKSUMS:
  Capacitor: 22e541237135648c9aa736232bb4d2eec35fddcb
  CapacitorApp: 449ffe26375e96f8aaaee625ac6e01e5c57c8650
  CapacitorCordova: 2e1e2bb93b2f365309dc4ff18b72b9a69a7814a9
  CapacitorPushNotifications: e4437b4ec1b2070685bf032c210f346432214c5f
  CapacitorSplashScreen: 4b46c72298db552b3c57ce021ef028b6dc7f1fa7
  CapacitorStatusBar: 01d5763b4ed720de5ce2edbc938de6a98f4c8f32

PODFILE CHECKSUM: 01a9e3bc8b3b2d09ecdf06f76e00b53e45b7649f

COCOAPODS: 1.16.2
